Microsoft Visual Studio Solution File, Format Version 11.00
# Visual Studio 2008

Project("{0C61F1EF-05F6-C845-F1BA-60D94E3BAB8A}") = "Struggle", "Assembly-CSharp-vs.csproj", "{E97A1993-0FE8-1348-1262-25357429FB8D}"
EndProject
Global
	GlobalSection(SolutionConfigurationPlatforms) = preSolution
		Debug|Any CPU = Debug|Any CPU
		Release|Any CPU = Release|Any CPU
	EndGlobalSection
	GlobalSection(ProjectConfigurationPlatforms) = postSolution
		{E97A1993-0FE8-1348-1262-25357429FB8D}.Debug|Any CPU.ActiveCfg = Debug|Any CPU
		{E97A1993-0FE8-1348-1262-25357429FB8D}.Debug|Any CPU.Build.0 = Debug|Any CPU
		{E97A1993-0FE8-1348-1262-25357429FB8D}.Release|Any CPU.ActiveCfg = Release|Any CPU
		{E97A1993-0FE8-1348-1262-25357429FB8D}.Release|Any CPU.Build.0 = Release|Any CPU
	EndGlobalSection
	GlobalSection(SolutionProperties) = preSolution
		HideSolutionNode = FALSE
	EndGlobalSection
																																																																																																																														GlobalSection(MonoDevelopProperties) = preSolution
		StartupItem = Assembly-CSharp.csproj
		Policies = $0
		$0.TextStylePolicy = $1
		$1.FileWidth = 120
		$1.TabWidth = 4
		$1.IndentWidth = 2
		$1.EolMarker = Unix
		$1.inheritsSet = Mono
		$1.inheritsScope = text/plain
		$1.scope = text/x-csharp
		$0.CSharpFormattingPolicy = $2
		$2.IndentSwitchBody = True
		$2.StatementBraceStyle = NextLine
		$2.ElseNewLinePlacement = NewLine
		$2.BetweenEmptyMethodDeclarationParentheses = True
		$2.WithinMethodDeclarationParentheses = True
		$2.BetweenEmptyMethodCallParentheses = True
		$2.WithinMethodCallParentheses = True
		$2.BetweenEmptyConstructorDeclarationParentheses = True
		$2.WithinConstructorDeclarationParentheses = True
		$2.WithinIndexerDeclarationBracket = True
		$2.BetweenEmptyDelegateDeclarationParentheses = True
		$2.AfterDelegateDeclarationParameterComma = True
		$2.WithinDelegateDeclarationParentheses = True
		$2.WithinParentheses = True
		$2.WithinIfParentheses = True
		$2.WithinWhileParentheses = True
		$2.WithinForParentheses = True
		$2.WithinForEachParentheses = True
		$2.WithinCatchParentheses = True
		$2.WithinSwitchParentheses = True
		$2.WithinLockParentheses = True
		$2.WithinUsingParentheses = True
		$2.WithinCastParentheses = True
		$2.WithinSizeOfParentheses = True
		$2.BeforeSizeOfParentheses = True
		$2.WithinTypeOfParentheses = True
		$2.WithinNewParentheses = True
		$2.BetweenEmptyNewParentheses = True
		$2.BeforeTypeOfParentheses = True
		$2.SpacesWithinBrackets = True
		$2.SpacesAfterTypecast = True
		$2.SpacesBeforeArrayDeclarationBrackets = True
		$2.inheritsSet = Mono
		$2.inheritsScope = text/x-csharp
		$2.scope = text/x-csharp
		$0.TextStylePolicy = $3
		$3.FileWidth = 120
		$3.TabsToSpaces = False
		$3.EolMarker = Unix
		$3.inheritsSet = VisualStudio
		$3.inheritsScope = text/plain
		$3.scope = text/plain
	EndGlobalSection

EndGlobal
